
Microsoft Visual Studio Solution File, Format Version 12.00
# Visual Studio 14
VisualStudioVersion = 14.0.25420.1
MinimumVisualStudioVersion = 10.0.40219.1
Project("{FAE04EC0-301F-11D3-BF4B-00C04F79EFBC}") = "circuitBreaker", "circuitBreaker\circuitBreaker.csproj", "{A7C70B6B-016C-4168-A55E-58120FC2A3FE}"
EndProject
Global
	GlobalSection(SolutionConfigurationPlatforms) = preSolution
		Debug|Any CPU = Debug|Any CPU
		Release|Any CPU = Release|Any CPU
	EndGlobalSection
	GlobalSection(ProjectConfigurationPlatforms) = postSolution
		{A7C70B6B-016C-4168-A55E-58120FC2A3FE}.Debug|Any CPU.ActiveCfg = Debug|Any CPU
		{A7C70B6B-016C-4168-A55E-58120FC2A3FE}.Debug|Any CPU.Build.0 = Debug|Any CPU
		{A7C70B6B-016C-4168-A55E-58120FC2A3FE}.Release|Any CPU.ActiveCfg = Release|Any CPU
		{A7C70B6B-016C-4168-A55E-58120FC2A3FE}.Release|Any CPU.Build.0 = Release|Any CPU
	EndGlobalSection
	GlobalSection(SolutionProperties) = preSolution
		HideSolutionNode = FALSE
	EndGlobalSection
EndGlobal
