
Microsoft Visual Studio Solution File, Format Version 12.00
# Visual Studio 14
VisualStudioVersion = 14.0.25420.1
MinimumVisualStudioVersion = 10.0.40219.1
Project("{8BC9CEB8-8B4A-11D0-8D11-00A0C91BC942}") = "RigidTrack", "RigidTrack\RigidTrack.vcxproj", "{B12702AD-ABFB-343A-A199-8E24837244A3}"
EndProject
Project("{6141683F-8A12-4E36-9623-2EB02B2C2303}") = "SetupRigidTrack", "SetupRigidTrack\SetupRigidTrack.isproj", "{F0EE994A-6122-46C2-88EA-C50BD230FE80}"
EndProject
Global
	GlobalSection(SolutionConfigurationPlatforms) = preSolution
		CD_ROM|Any CPU = CD_ROM|Any CPU
		CD_ROM|Win32 = CD_ROM|Win32
		CD_ROM|x64 = CD_ROM|x64
		CD_ROM|x86 = CD_ROM|x86
		Debug|Any CPU = Debug|Any CPU
		Debug|Win32 = Debug|Win32
		Debug|x64 = Debug|x64
		Debug|x86 = Debug|x86
		DVD-5|Any CPU = DVD-5|Any CPU
		DVD-5|Win32 = DVD-5|Win32
		DVD-5|x64 = DVD-5|x64
		DVD-5|x86 = DVD-5|x86
		Release|Any CPU = Release|Any CPU
		Release|Win32 = Release|Win32
		Release|x64 = Release|x64
		Release|x86 = Release|x86
		SingleImage|Any CPU = SingleImage|Any CPU
		SingleImage|Win32 = SingleImage|Win32
		SingleImage|x64 = SingleImage|x64
		SingleImage|x86 = SingleImage|x86
	EndGlobalSection
	GlobalSection(ProjectConfigurationPlatforms) = postSolution
		{B12702AD-ABFB-343A-A199-8E24837244A3}.CD_ROM|Any CPU.ActiveCfg = Release|x64
		{B12702AD-ABFB-343A-A199-8E24837244A3}.CD_ROM|Any CPU.Build.0 = Release|x64
		{B12702AD-ABFB-343A-A199-8E24837244A3}.CD_ROM|Win32.ActiveCfg = Release|Win32
		{B12702AD-ABFB-343A-A199-8E24837244A3}.CD_ROM|Win32.Build.0 = Release|Win32
		{B12702AD-ABFB-343A-A199-8E24837244A3}.CD_ROM|x64.ActiveCfg = Release|x64
		{B12702AD-ABFB-343A-A199-8E24837244A3}.CD_ROM|x64.Build.0 = Release|x64
		{B12702AD-ABFB-343A-A199-8E24837244A3}.CD_ROM|x86.ActiveCfg = Release|Win32
		{B12702AD-ABFB-343A-A199-8E24837244A3}.CD_ROM|x86.Build.0 = Release|Win32
		{B12702AD-ABFB-343A-A199-8E24837244A3}.Debug|Any CPU.ActiveCfg = Debug|Win32
		{B12702AD-ABFB-343A-A199-8E24837244A3}.Debug|Win32.ActiveCfg = Debug|Win32
		{B12702AD-ABFB-343A-A199-8E24837244A3}.Debug|Win32.Build.0 = Debug|Win32
		{B12702AD-ABFB-343A-A199-8E24837244A3}.Debug|x64.ActiveCfg = Debug|x64
		{B12702AD-ABFB-343A-A199-8E24837244A3}.Debug|x64.Build.0 = Debug|x64
		{B12702AD-ABFB-343A-A199-8E24837244A3}.Debug|x86.ActiveCfg = Debug|Win32
		{B12702AD-ABFB-343A-A199-8E24837244A3}.Debug|x86.Build.0 = Debug|Win32
		{B12702AD-ABFB-343A-A199-8E24837244A3}.DVD-5|Any CPU.ActiveCfg = Release|x64
		{B12702AD-ABFB-343A-A199-8E24837244A3}.DVD-5|Any CPU.Build.0 = Release|x64
		{B12702AD-ABFB-343A-A199-8E24837244A3}.DVD-5|Win32.ActiveCfg = Debug|Win32
		{B12702AD-ABFB-343A-A199-8E24837244A3}.DVD-5|Win32.Build.0 = Debug|Win32
		{B12702AD-ABFB-343A-A199-8E24837244A3}.DVD-5|x64.ActiveCfg = Debug|x64
		{B12702AD-ABFB-343A-A199-8E24837244A3}.DVD-5|x64.Build.0 = Debug|x64
		{B12702AD-ABFB-343A-A199-8E24837244A3}.DVD-5|x86.ActiveCfg = Debug|Win32
		{B12702AD-ABFB-343A-A199-8E24837244A3}.DVD-5|x86.Build.0 = Debug|Win32
		{B12702AD-ABFB-343A-A199-8E24837244A3}.Release|Any CPU.ActiveCfg = Release|Win32
		{B12702AD-ABFB-343A-A199-8E24837244A3}.Release|Win32.ActiveCfg = Release|Win32
		{B12702AD-ABFB-343A-A199-8E24837244A3}.Release|Win32.Build.0 = Release|Win32
		{B12702AD-ABFB-343A-A199-8E24837244A3}.Release|x64.ActiveCfg = Release|x64
		{B12702AD-ABFB-343A-A199-8E24837244A3}.Release|x64.Build.0 = Release|x64
		{B12702AD-ABFB-343A-A199-8E24837244A3}.Release|x86.ActiveCfg = Release|Win32
		{B12702AD-ABFB-343A-A199-8E24837244A3}.Release|x86.Build.0 = Release|Win32
		{B12702AD-ABFB-343A-A199-8E24837244A3}.SingleImage|Any CPU.ActiveCfg = Release|x64
		{B12702AD-ABFB-343A-A199-8E24837244A3}.SingleImage|Any CPU.Build.0 = Release|x64
		{B12702AD-ABFB-343A-A199-8E24837244A3}.SingleImage|Win32.ActiveCfg = Release|Win32
		{B12702AD-ABFB-343A-A199-8E24837244A3}.SingleImage|Win32.Build.0 = Release|Win32
		{B12702AD-ABFB-343A-A199-8E24837244A3}.SingleImage|x64.ActiveCfg = Release|x64
		{B12702AD-ABFB-343A-A199-8E24837244A3}.SingleImage|x64.Build.0 = Release|x64
		{B12702AD-ABFB-343A-A199-8E24837244A3}.SingleImage|x86.ActiveCfg = Release|Win32
		{B12702AD-ABFB-343A-A199-8E24837244A3}.SingleImage|x86.Build.0 = Release|Win32
		{F0EE994A-6122-46C2-88EA-C50BD230FE80}.CD_ROM|Any CPU.ActiveCfg = CD_ROM
		{F0EE994A-6122-46C2-88EA-C50BD230FE80}.CD_ROM|Any CPU.Build.0 = CD_ROM
		{F0EE994A-6122-46C2-88EA-C50BD230FE80}.CD_ROM|Win32.ActiveCfg = CD_ROM
		{F0EE994A-6122-46C2-88EA-C50BD230FE80}.CD_ROM|Win32.Build.0 = CD_ROM
		{F0EE994A-6122-46C2-88EA-C50BD230FE80}.CD_ROM|x64.ActiveCfg = CD_ROM
		{F0EE994A-6122-46C2-88EA-C50BD230FE80}.CD_ROM|x64.Build.0 = CD_ROM
		{F0EE994A-6122-46C2-88EA-C50BD230FE80}.CD_ROM|x86.ActiveCfg = CD_ROM
		{F0EE994A-6122-46C2-88EA-C50BD230FE80}.CD_ROM|x86.Build.0 = CD_ROM
		{F0EE994A-6122-46C2-88EA-C50BD230FE80}.Debug|Any CPU.ActiveCfg = DVD-5
		{F0EE994A-6122-46C2-88EA-C50BD230FE80}.Debug|Any CPU.Build.0 = DVD-5
		{F0EE994A-6122-46C2-88EA-C50BD230FE80}.Debug|Win32.ActiveCfg = DVD-5
		{F0EE994A-6122-46C2-88EA-C50BD230FE80}.Debug|Win32.Build.0 = DVD-5
		{F0EE994A-6122-46C2-88EA-C50BD230FE80}.Debug|x64.ActiveCfg = DVD-5
		{F0EE994A-6122-46C2-88EA-C50BD230FE80}.Debug|x64.Build.0 = DVD-5
		{F0EE994A-6122-46C2-88EA-C50BD230FE80}.Debug|x86.ActiveCfg = DVD-5
		{F0EE994A-6122-46C2-88EA-C50BD230FE80}.Debug|x86.Build.0 = DVD-5
		{F0EE994A-6122-46C2-88EA-C50BD230FE80}.DVD-5|Any CPU.ActiveCfg = DVD-5
		{F0EE994A-6122-46C2-88EA-C50BD230FE80}.DVD-5|Any CPU.Build.0 = DVD-5
		{F0EE994A-6122-46C2-88EA-C50BD230FE80}.DVD-5|Win32.ActiveCfg = DVD-5
		{F0EE994A-6122-46C2-88EA-C50BD230FE80}.DVD-5|Win32.Build.0 = DVD-5
		{F0EE994A-6122-46C2-88EA-C50BD230FE80}.DVD-5|x64.ActiveCfg = DVD-5
		{F0EE994A-6122-46C2-88EA-C50BD230FE80}.DVD-5|x64.Build.0 = DVD-5
		{F0EE994A-6122-46C2-88EA-C50BD230FE80}.DVD-5|x86.ActiveCfg = DVD-5
		{F0EE994A-6122-46C2-88EA-C50BD230FE80}.DVD-5|x86.Build.0 = DVD-5
		{F0EE994A-6122-46C2-88EA-C50BD230FE80}.Release|Any CPU.ActiveCfg = SingleImage
		{F0EE994A-6122-46C2-88EA-C50BD230FE80}.Release|Any CPU.Build.0 = SingleImage
		{F0EE994A-6122-46C2-88EA-C50BD230FE80}.Release|Win32.ActiveCfg = SingleImage
		{F0EE994A-6122-46C2-88EA-C50BD230FE80}.Release|Win32.Build.0 = SingleImage
		{F0EE994A-6122-46C2-88EA-C50BD230FE80}.Release|x64.ActiveCfg = SingleImage
		{F0EE994A-6122-46C2-88EA-C50BD230FE80}.Release|x64.Build.0 = SingleImage
		{F0EE994A-6122-46C2-88EA-C50BD230FE80}.Release|x86.ActiveCfg = SingleImage
		{F0EE994A-6122-46C2-88EA-C50BD230FE80}.Release|x86.Build.0 = SingleImage
		{F0EE994A-6122-46C2-88EA-C50BD230FE80}.SingleImage|Any CPU.ActiveCfg = SingleImage
		{F0EE994A-6122-46C2-88EA-C50BD230FE80}.SingleImage|Any CPU.Build.0 = SingleImage
		{F0EE994A-6122-46C2-88EA-C50BD230FE80}.SingleImage|Win32.ActiveCfg = SingleImage
		{F0EE994A-6122-46C2-88EA-C50BD230FE80}.SingleImage|Win32.Build.0 = SingleImage
		{F0EE994A-6122-46C2-88EA-C50BD230FE80}.SingleImage|x64.ActiveCfg = SingleImage
		{F0EE994A-6122-46C2-88EA-C50BD230FE80}.SingleImage|x64.Build.0 = SingleImage
		{F0EE994A-6122-46C2-88EA-C50BD230FE80}.SingleImage|x86.ActiveCfg = SingleImage
		{F0EE994A-6122-46C2-88EA-C50BD230FE80}.SingleImage|x86.Build.0 = SingleImage
	EndGlobalSection
	GlobalSection(SolutionProperties) = preSolution
		HideSolutionNode = FALSE
	EndGlobalSection
EndGlobal
